
Microsoft Visual Studio Solution File, Format Version 12.00
# Visual Studio 15
VisualStudioVersion = 15.0.28306.52
MinimumVisualStudioVersion = 10.0.40219.1
Project("{8BC9CEB8-8B4A-11D0-8D11-00A0C91BC942}") = "1.guess-numbers", "1.guess-numbers\1.guess-numbers.vcxproj", "{F8DD068D-5035-4B9E-89AD-E52B7B143EC8}"
EndProject
Project("{8BC9CEB8-8B4A-11D0-8D11-00A0C91BC942}") = "2.deep-dark-fraction", "2.deep-dark-fraction\2.deep-dark-fraction.vcxproj", "{50C4FEB4-9660-40F8-A265-8F11C5E311CC}"
EndProject
Project("{8BC9CEB8-8B4A-11D0-8D11-00A0C91BC942}") = "3.programmable-robot", "3.programmable-robot\3.programmable-robot.vcxproj", "{35A74930-3E92-47FD-8F93-D5CAE3E01B5E}"
EndProject
Project("{8BC9CEB8-8B4A-11D0-8D11-00A0C91BC942}") = "4.broken-board-dominoes", "4.broken-board-dominoes\4.broken-board-dominoes.vcxproj", "{4BEF6E15-2196-4C29-B06B-8BB83B2085E6}"
EndProject
Project("{8BC9CEB8-8B4A-11D0-8D11-00A0C91BC942}") = "5.coin-bonus", "5.coin-bonus\5.coin-bonus.vcxproj", "{6093664C-09C5-40BD-9B9F-9644279D7D02}"
EndProject
Global
	GlobalSection(SolutionConfigurationPlatforms) = preSolution
		Debug|x64 = Debug|x64
		Debug|x86 = Debug|x86
		Release|x64 = Release|x64
		Release|x86 = Release|x86
	EndGlobalSection
	GlobalSection(ProjectConfigurationPlatforms) = postSolution
		{F8DD068D-5035-4B9E-89AD-E52B7B143EC8}.Debug|x64.ActiveCfg = Debug|x64
		{F8DD068D-5035-4B9E-89AD-E52B7B143EC8}.Debug|x64.Build.0 = Debug|x64
		{F8DD068D-5035-4B9E-89AD-E52B7B143EC8}.Debug|x86.ActiveCfg = Debug|Win32
		{F8DD068D-5035-4B9E-89AD-E52B7B143EC8}.Debug|x86.Build.0 = Debug|Win32
		{F8DD068D-5035-4B9E-89AD-E52B7B143EC8}.Release|x64.ActiveCfg = Release|x64
		{F8DD068D-5035-4B9E-89AD-E52B7B143EC8}.Release|x64.Build.0 = Release|x64
		{F8DD068D-5035-4B9E-89AD-E52B7B143EC8}.Release|x86.ActiveCfg = Release|Win32
		{F8DD068D-5035-4B9E-89AD-E52B7B143EC8}.Release|x86.Build.0 = Release|Win32
		{50C4FEB4-9660-40F8-A265-8F11C5E311CC}.Debug|x64.ActiveCfg = Debug|x64
		{50C4FEB4-9660-40F8-A265-8F11C5E311CC}.Debug|x64.Build.0 = Debug|x64
		{50C4FEB4-9660-40F8-A265-8F11C5E311CC}.Debug|x86.ActiveCfg = Debug|Win32
		{50C4FEB4-9660-40F8-A265-8F11C5E311CC}.Debug|x86.Build.0 = Debug|Win32
		{50C4FEB4-9660-40F8-A265-8F11C5E311CC}.Release|x64.ActiveCfg = Release|x64
		{50C4FEB4-9660-40F8-A265-8F11C5E311CC}.Release|x64.Build.0 = Release|x64
		{50C4FEB4-9660-40F8-A265-8F11C5E311CC}.Release|x86.ActiveCfg = Release|Win32
		{50C4FEB4-9660-40F8-A265-8F11C5E311CC}.Release|x86.Build.0 = Release|Win32
		{35A74930-3E92-47FD-8F93-D5CAE3E01B5E}.Debug|x64.ActiveCfg = Debug|x64
		{35A74930-3E92-47FD-8F93-D5CAE3E01B5E}.Debug|x64.Build.0 = Debug|x64
		{35A74930-3E92-47FD-8F93-D5CAE3E01B5E}.Debug|x86.ActiveCfg = Debug|Win32
		{35A74930-3E92-47FD-8F93-D5CAE3E01B5E}.Debug|x86.Build.0 = Debug|Win32
		{35A74930-3E92-47FD-8F93-D5CAE3E01B5E}.Release|x64.ActiveCfg = Release|x64
		{35A74930-3E92-47FD-8F93-D5CAE3E01B5E}.Release|x64.Build.0 = Release|x64
		{35A74930-3E92-47FD-8F93-D5CAE3E01B5E}.Release|x86.ActiveCfg = Release|Win32
		{35A74930-3E92-47FD-8F93-D5CAE3E01B5E}.Release|x86.Build.0 = Release|Win32
		{4BEF6E15-2196-4C29-B06B-8BB83B2085E6}.Debug|x64.ActiveCfg = Debug|x64
		{4BEF6E15-2196-4C29-B06B-8BB83B2085E6}.Debug|x64.Build.0 = Debug|x64
		{4BEF6E15-2196-4C29-B06B-8BB83B2085E6}.Debug|x86.ActiveCfg = Debug|Win32
		{4BEF6E15-2196-4C29-B06B-8BB83B2085E6}.Debug|x86.Build.0 = Debug|Win32
		{4BEF6E15-2196-4C29-B06B-8BB83B2085E6}.Release|x64.ActiveCfg = Release|x64
		{4BEF6E15-2196-4C29-B06B-8BB83B2085E6}.Release|x64.Build.0 = Release|x64
		{4BEF6E15-2196-4C29-B06B-8BB83B2085E6}.Release|x86.ActiveCfg = Release|Win32
		{4BEF6E15-2196-4C29-B06B-8BB83B2085E6}.Release|x86.Build.0 = Release|Win32
		{6093664C-09C5-40BD-9B9F-9644279D7D02}.Debug|x64.ActiveCfg = Debug|x64
		{6093664C-09C5-40BD-9B9F-9644279D7D02}.Debug|x64.Build.0 = Debug|x64
		{6093664C-09C5-40BD-9B9F-9644279D7D02}.Debug|x86.ActiveCfg = Debug|Win32
		{6093664C-09C5-40BD-9B9F-9644279D7D02}.Debug|x86.Build.0 = Debug|Win32
		{6093664C-09C5-40BD-9B9F-9644279D7D02}.Release|x64.ActiveCfg = Release|x64
		{6093664C-09C5-40BD-9B9F-9644279D7D02}.Release|x64.Build.0 = Release|x64
		{6093664C-09C5-40BD-9B9F-9644279D7D02}.Release|x86.ActiveCfg = Release|Win32
		{6093664C-09C5-40BD-9B9F-9644279D7D02}.Release|x86.Build.0 = Release|Win32
	EndGlobalSection
	GlobalSection(SolutionProperties) = preSolution
		HideSolutionNode = FALSE
	EndGlobalSection
	GlobalSection(ExtensibilityGlobals) = postSolution
		SolutionGuid = {C112BF12-A1FA-4063-BB3F-FE548DE887D3}
	EndGlobalSection
EndGlobal
