
Microsoft Visual Studio Solution File, Format Version 12.00
# Visual Studio 15
VisualStudioVersion = 15.0.28306.52
MinimumVisualStudioVersion = 10.0.40219.1
Project("{8BC9CEB8-8B4A-11D0-8D11-00A0C91BC942}") = "Test", "Test\Test.vcxproj", "{CD047D1B-69E1-4E9C-8A64-8F211274CAA9}"
EndProject
Project("{8BC9CEB8-8B4A-11D0-8D11-00A0C91BC942}") = "887.SuperEggDrop", "887.SuperEggDrop\887.SuperEggDrop.vcxproj", "{A3F12DE6-9A4E-4961-AC7B-31C13D78038A}"
EndProject
Project("{8BC9CEB8-8B4A-11D0-8D11-00A0C91BC942}") = "136.SingleNumber", "136.SingleNumber\136.SingleNumber.vcxproj", "{01FBF20B-E78D-45EB-884C-20D64191AEEA}"
EndProject
Project("{8BC9CEB8-8B4A-11D0-8D11-00A0C91BC942}") = "206.ReverseList", "206.ReverseList\206.ReverseList.vcxproj", "{0A19AD1A-D582-433F-A3E8-00CCED0CB0EA}"
EndProject
Project("{8BC9CEB8-8B4A-11D0-8D11-00A0C91BC942}") = "169.MajorityElement", "169.MajorityElement\169.MajorityElement.vcxproj", "{E9266407-9027-4026-AC16-A81107E11571}"
EndProject
Project("{8BC9CEB8-8B4A-11D0-8D11-00A0C91BC942}") = "88.Merge", "88.Merge\88.Merge.vcxproj", "{3B556C82-66A7-403B-B724-678744B72534}"
EndProject
Project("{8BC9CEB8-8B4A-11D0-8D11-00A0C91BC942}") = "240.SearchMatrix", "240.SearchMatrix\240.SearchMatrix.vcxproj", "{7A5A34BA-7BE4-423C-8768-889632654381}"
EndProject
Project("{8BC9CEB8-8B4A-11D0-8D11-00A0C91BC942}") = "26.RemoveDuplicates", "26.RemoveDuplicates\26.RemoveDuplicates.vcxproj", "{FEF75516-38BF-412F-842C-EDBD8AC346A9}"
EndProject
Project("{8BC9CEB8-8B4A-11D0-8D11-00A0C91BC942}") = "122.MaxProfit", "122.MaxProfit\122.MaxProfit.vcxproj", "{0B438D08-1DEC-42C7-80B3-584589F7406B}"
EndProject
Project("{8BC9CEB8-8B4A-11D0-8D11-00A0C91BC942}") = "50.MyPow", "50.MyPow\50.MyPow.vcxproj", "{820D6D54-4DCA-4ACF-9E97-6B6D7E39F054}"
EndProject
Project("{8BC9CEB8-8B4A-11D0-8D11-00A0C91BC942}") = "189.Rotate", "189.Rotate\189.Rotate.vcxproj", "{11B60726-BEF5-4D24-AA67-40F61924DB3E}"
EndProject
Project("{8BC9CEB8-8B4A-11D0-8D11-00A0C91BC942}") = "217.ContainsDuplicate", "217.ContainsDuplicate\217.ContainsDuplicate.vcxproj", "{AB1AD529-6F7B-4F56-962C-9EFB3998862D}"
EndProject
Project("{8BC9CEB8-8B4A-11D0-8D11-00A0C91BC942}") = "350.Intersect", "350.Intersect\350.Intersect.vcxproj", "{2CF0F4CA-387D-458C-B1FF-38BFCFDBAF8E}"
EndProject
Project("{8BC9CEB8-8B4A-11D0-8D11-00A0C91BC942}") = "66.PlusOne", "66.PlusOne\66.PlusOne.vcxproj", "{3E3E481C-D1C3-430D-95D5-F3A569052E58}"
EndProject
Project("{8BC9CEB8-8B4A-11D0-8D11-00A0C91BC942}") = "283.MoveZeroes", "283.MoveZeroes\283.MoveZeroes.vcxproj", "{67A680E9-7EDF-4889-BD0B-61BEF2CCB9BE}"
EndProject
Project("{8BC9CEB8-8B4A-11D0-8D11-00A0C91BC942}") = "1.TwoSum", "1.TwoSum\1.TwoSum.vcxproj", "{F4C41A4D-EB49-47FC-B773-0CF1E1B356F1}"
EndProject
Project("{8BC9CEB8-8B4A-11D0-8D11-00A0C91BC942}") = "36.IsValidSudoku", "36.IsValidSudoku\36.IsValidSudoku.vcxproj", "{DEBBED4E-045E-4064-BD97-1D1021742E7C}"
EndProject
Project("{8BC9CEB8-8B4A-11D0-8D11-00A0C91BC942}") = "48.Rotate", "48.Rotate\48.Rotate.vcxproj", "{C699B9BD-C7C5-42FC-853D-A9333D2EFC88}"
EndProject
Project("{8BC9CEB8-8B4A-11D0-8D11-00A0C91BC942}") = "344.ReverseString", "344.ReverseString\344.ReverseString.vcxproj", "{BFB7E6E2-4E08-4113-A378-5BBAE995E202}"
EndProject
Project("{8BC9CEB8-8B4A-11D0-8D11-00A0C91BC942}") = "237.DeleteNode", "237.DeleteNode\237.DeleteNode.vcxproj", "{D03A413D-664E-49A4-9F3E-BF99703CB68A}"
EndProject
Project("{8BC9CEB8-8B4A-11D0-8D11-00A0C91BC942}") = "19.RemoveNthFromEnd", "19.RemoveNthFromEnd\19.RemoveNthFromEnd.vcxproj", "{30250158-A1D0-45E9-B92F-76ADAF86DAB7}"
EndProject
Project("{8BC9CEB8-8B4A-11D0-8D11-00A0C91BC942}") = "21.MergeTwoLists", "21.MergeTwoLists\21.MergeTwoLists.vcxproj", "{904C2FCF-D264-4A1D-8C37-7E29C55596E1}"
EndProject
Project("{8BC9CEB8-8B4A-11D0-8D11-00A0C91BC942}") = "234.IsPalindrome", "234.IsPalindrome\234.IsPalindrome.vcxproj", "{DE219A6D-90B1-4A0E-913C-115A88F03B3D}"
EndProject
Project("{8BC9CEB8-8B4A-11D0-8D11-00A0C91BC942}") = "141.HasCycle", "141.HasCycle\141.HasCycle.vcxproj", "{64DC3542-21A2-4926-8E67-84E39E3E8FDF}"
EndProject
Project("{8BC9CEB8-8B4A-11D0-8D11-00A0C91BC942}") = "278.FirstBadVersion", "278.FirstBadVersion\278.FirstBadVersion.vcxproj", "{43F47236-CD0D-486A-9CFA-92C982E17727}"
EndProject
Project("{8BC9CEB8-8B4A-11D0-8D11-00A0C91BC942}") = "7.Reverse", "7.Reverse\7.Reverse.vcxproj", "{BFCF7A6F-B595-411A-A8C9-4F2CCC25B0FD}"
EndProject
Project("{8BC9CEB8-8B4A-11D0-8D11-00A0C91BC942}") = "387.FirstUniqChar", "387.FirstUniqChar\387.FirstUniqChar.vcxproj", "{F283B5F1-2681-4D9A-BB00-B329227E4BA7}"
EndProject
Project("{8BC9CEB8-8B4A-11D0-8D11-00A0C91BC942}") = "242.IsAnagram", "242.IsAnagram\242.IsAnagram.vcxproj", "{C914E6C6-1063-4C50-9C5F-7D553E1AB254}"
EndProject
Project("{8BC9CEB8-8B4A-11D0-8D11-00A0C91BC942}") = "125.IsPalindrome", "125.IsPalindrome\125.IsPalindrome.vcxproj", "{0018B953-0B17-43A6-9231-3317B7DC595D}"
EndProject
Project("{8BC9CEB8-8B4A-11D0-8D11-00A0C91BC942}") = "8.MyAtoi", "8.MyAtoi\8.MyAtoi.vcxproj", "{8377A529-70A2-4CF5-8C74-C382F4C89739}"
EndProject
Project("{8BC9CEB8-8B4A-11D0-8D11-00A0C91BC942}") = "28.StrStr", "28.StrStr\28.StrStr.vcxproj", "{C75FDC3D-44FE-4898-A49D-27AE7DA7A2FD}"
EndProject
Project("{8BC9CEB8-8B4A-11D0-8D11-00A0C91BC942}") = "38.CountAndSay", "38.CountAndSay\38.CountAndSay.vcxproj", "{420C4FDE-CC9F-41B7-97DE-85BEE2B1D9C2}"
EndProject
Project("{8BC9CEB8-8B4A-11D0-8D11-00A0C91BC942}") = "14.LongestCommonPrefix", "14.LongestCommonPrefix\14.LongestCommonPrefix.vcxproj", "{64030417-FCAF-43F0-958E-04303650257D}"
EndProject
Project("{8BC9CEB8-8B4A-11D0-8D11-00A0C91BC942}") = "104.MaxDepth", "104.MaxDepth\104.MaxDepth.vcxproj", "{B38B8933-A997-4007-996D-C0EADB5CDF8D}"
EndProject
Project("{8BC9CEB8-8B4A-11D0-8D11-00A0C91BC942}") = "98.IsValidBST", "98.IsValidBST\98.IsValidBST.vcxproj", "{604B9B7D-50D8-4BE6-B7F3-B7D69251DCD0}"
EndProject
Project("{8BC9CEB8-8B4A-11D0-8D11-00A0C91BC942}") = "101.IsSymmetric", "101.IsSymmetric\101.IsSymmetric.vcxproj", "{7DDA4028-4581-404B-9BA4-D932289D8BC5}"
EndProject
Project("{8BC9CEB8-8B4A-11D0-8D11-00A0C91BC942}") = "102.LevelOrder", "102.LevelOrder\102.LevelOrder.vcxproj", "{833E5510-16D5-48B1-BC29-3BDB8594AC2C}"
EndProject
Project("{8BC9CEB8-8B4A-11D0-8D11-00A0C91BC942}") = "108.SortedArrayToBST", "108.SortedArrayToBST\108.SortedArrayToBST.vcxproj", "{DF146DA4-03B3-4431-8AAD-444EE2FFE6D4}"
EndProject
Project("{8BC9CEB8-8B4A-11D0-8D11-00A0C91BC942}") = "70.ClimbStairs", "70.ClimbStairs\70.ClimbStairs.vcxproj", "{AC73F592-B2C2-4F16-84F7-76DD81F7A9D0}"
EndProject
Project("{8BC9CEB8-8B4A-11D0-8D11-00A0C91BC942}") = "121.MaxProfit", "121.MaxProfit\121.MaxProfit.vcxproj", "{E13B9A88-922B-4377-B873-AAE37C12E7C5}"
EndProject
Project("{8BC9CEB8-8B4A-11D0-8D11-00A0C91BC942}") = "53.MaxSubArray", "53.MaxSubArray\53.MaxSubArray.vcxproj", "{D976DF32-84B4-4CFD-BCB7-CB58787CBD34}"
EndProject
Project("{8BC9CEB8-8B4A-11D0-8D11-00A0C91BC942}") = "198.Rob", "198.Rob\198.Rob.vcxproj", "{EEEDF81C-BEFA-4689-8602-76DABA6BC872}"
EndProject
Project("{8BC9CEB8-8B4A-11D0-8D11-00A0C91BC942}") = "384.Shuffle", "384.Shuffle\384.Shuffle.vcxproj", "{0A45C48F-5E3C-42B8-B318-2803242DB052}"
EndProject
Project("{8BC9CEB8-8B4A-11D0-8D11-00A0C91BC942}") = "155.MinStack", "155.MinStack\155.MinStack.vcxproj", "{BE57415E-0FEF-4AB4-99E6-37DA15814AB7}"
EndProject
Project("{8BC9CEB8-8B4A-11D0-8D11-00A0C91BC942}") = "412.FizzBuzz", "412.FizzBuzz\412.FizzBuzz.vcxproj", "{2E7683CC-C4DF-48DD-8937-E282A983AAD1}"
EndProject
Project("{8BC9CEB8-8B4A-11D0-8D11-00A0C91BC942}") = "204.CountPrimes", "204.CountPrimes\204.CountPrimes.vcxproj", "{9809EE6E-B1C9-4584-B118-D45BFFB8419F}"
EndProject
Project("{8BC9CEB8-8B4A-11D0-8D11-00A0C91BC942}") = "326.IsPowerOfThree", "326.IsPowerOfThree\326.IsPowerOfThree.vcxproj", "{E6A3915F-4FAD-40F5-9A70-BB12BEB42BC3}"
EndProject
Project("{8BC9CEB8-8B4A-11D0-8D11-00A0C91BC942}") = "13.RomanToInt", "13.RomanToInt\13.RomanToInt.vcxproj", "{6FFA7641-512E-4837-B548-71BFAAD40B9D}"
EndProject
Project("{8BC9CEB8-8B4A-11D0-8D11-00A0C91BC942}") = "622.MyCircularQueue", "622.MyCircularQueue\622.MyCircularQueue.vcxproj", "{BFE11A64-1592-4630-BA28-23A3B7642E07}"
EndProject
Project("{8BC9CEB8-8B4A-11D0-8D11-00A0C91BC942}") = "200.NumIslands", "200.NumIslands\200.NumIslands.vcxproj", "{288EB6A2-D0D9-4CEC-A715-66A07B627550}"
EndProject
Project("{8BC9CEB8-8B4A-11D0-8D11-00A0C91BC942}") = "752.OpenLock", "752.OpenLock\752.OpenLock.vcxproj", "{3C6F6004-84BA-4BFA-AF35-DB8A6B85B64D}"
EndProject
Project("{8BC9CEB8-8B4A-11D0-8D11-00A0C91BC942}") = "279.NumSquares", "279.NumSquares\279.NumSquares.vcxproj", "{8DA93022-FAFD-4C80-A506-5AC1B10D5B55}"
EndProject
Project("{8BC9CEB8-8B4A-11D0-8D11-00A0C91BC942}") = "20.IsValid", "20.IsValid\20.IsValid.vcxproj", "{C95272ED-4D92-457A-B718-CF4C70CC8821}"
EndProject
Project("{8BC9CEB8-8B4A-11D0-8D11-00A0C91BC942}") = "739.DailyTemperatures", "739.DailyTemperatures\739.DailyTemperatures.vcxproj", "{E19E9CAF-D263-46C9-83FB-7D07EBA1EE5B}"
EndProject
Project("{8BC9CEB8-8B4A-11D0-8D11-00A0C91BC942}") = "150.EvalRPN", "150.EvalRPN\150.EvalRPN.vcxproj", "{AC6AAFE3-69EE-485D-9AF9-1840A3F39E1E}"
EndProject
Project("{8BC9CEB8-8B4A-11D0-8D11-00A0C91BC942}") = "94.InorderTraversal", "94.InorderTraversal\94.InorderTraversal.vcxproj", "{EFCC8013-7CAE-48FE-BD70-5F63C7F7EFE8}"
EndProject
Project("{8BC9CEB8-8B4A-11D0-8D11-00A0C91BC942}") = "133.CloneGraph", "133.CloneGraph\133.CloneGraph.vcxproj", "{68085B15-E8B1-4958-8A24-602F6D51C42B}"
EndProject
Project("{8BC9CEB8-8B4A-11D0-8D11-00A0C91BC942}") = "494.FindTargetSumWays", "494.FindTargetSumWays\494.FindTargetSumWays.vcxproj", "{E5A9C8ED-1061-4768-9835-CFF3F513EE25}"
EndProject
Project("{8BC9CEB8-8B4A-11D0-8D11-00A0C91BC942}") = "232.implement-queue-using-stacks", "232.implement-queue-using-stacks\232.implement-queue-using-stacks.vcxproj", "{0A53ED2C-11F8-42B7-A413-F10AA52FCA3D}"
EndProject
Project("{8BC9CEB8-8B4A-11D0-8D11-00A0C91BC942}") = "225.implement-stack-using-queues", "225.implement-stack-using-queues\225.implement-stack-using-queues.vcxproj", "{1DCEC774-53C3-4679-8CD6-E8127A4F4660}"
EndProject
Project("{8BC9CEB8-8B4A-11D0-8D11-00A0C91BC942}") = "394.decode-string", "394.decode-string\394.decode-string.vcxproj", "{6553AA75-BCCC-4E3A-9A05-D04B873E4455}"
EndProject
Project("{8BC9CEB8-8B4A-11D0-8D11-00A0C91BC942}") = "733.flood-fill", "733.flood-fill\733.flood-fill.vcxproj", "{27651491-171B-4D50-915F-7F0D657ACAAE}"
EndProject
Project("{8BC9CEB8-8B4A-11D0-8D11-00A0C91BC942}") = "542.01-matrix", "542.01-matrix\542.01-matrix.vcxproj", "{C9EA8B99-AC8A-41EF-95AF-5B1BFE764DC9}"
EndProject
Project("{8BC9CEB8-8B4A-11D0-8D11-00A0C91BC942}") = "841.keys-and-rooms", "841.keys-and-rooms\841.keys-and-rooms.vcxproj", "{12250E85-4DF3-4006-99AE-0092AFDB56EC}"
EndProject
Project("{8BC9CEB8-8B4A-11D0-8D11-00A0C91BC942}") = "747.largest-number-at-least-twice-of-others", "747.largest-number-at-least-twice-of-others\747.largest-number-at-least-twice-of-others.vcxproj", "{1DACFC38-8E74-4A09-B32E-59157FD93A72}"
EndProject
Project("{8BC9CEB8-8B4A-11D0-8D11-00A0C91BC942}") = "724.find-pivot-index", "724.find-pivot-index\724.find-pivot-index.vcxproj", "{13949E49-0AFE-4691-9B47-FD1F64BD0B4C}"
EndProject
Global
	GlobalSection(SolutionConfigurationPlatforms) = preSolution
		Debug|x64 = Debug|x64
		Debug|x86 = Debug|x86
		Release|x64 = Release|x64
		Release|x86 = Release|x86
	EndGlobalSection
	GlobalSection(ProjectConfigurationPlatforms) = postSolution
		{CD047D1B-69E1-4E9C-8A64-8F211274CAA9}.Debug|x64.ActiveCfg = Debug|x64
		{CD047D1B-69E1-4E9C-8A64-8F211274CAA9}.Debug|x64.Build.0 = Debug|x64
		{CD047D1B-69E1-4E9C-8A64-8F211274CAA9}.Debug|x86.ActiveCfg = Debug|Win32
		{CD047D1B-69E1-4E9C-8A64-8F211274CAA9}.Debug|x86.Build.0 = Debug|Win32
		{CD047D1B-69E1-4E9C-8A64-8F211274CAA9}.Release|x64.ActiveCfg = Release|x64
		{CD047D1B-69E1-4E9C-8A64-8F211274CAA9}.Release|x64.Build.0 = Release|x64
		{CD047D1B-69E1-4E9C-8A64-8F211274CAA9}.Release|x86.ActiveCfg = Release|Win32
		{CD047D1B-69E1-4E9C-8A64-8F211274CAA9}.Release|x86.Build.0 = Release|Win32
		{A3F12DE6-9A4E-4961-AC7B-31C13D78038A}.Debug|x64.ActiveCfg = Debug|x64
		{A3F12DE6-9A4E-4961-AC7B-31C13D78038A}.Debug|x64.Build.0 = Debug|x64
		{A3F12DE6-9A4E-4961-AC7B-31C13D78038A}.Debug|x86.ActiveCfg = Debug|Win32
		{A3F12DE6-9A4E-4961-AC7B-31C13D78038A}.Debug|x86.Build.0 = Debug|Win32
		{A3F12DE6-9A4E-4961-AC7B-31C13D78038A}.Release|x64.ActiveCfg = Release|x64
		{A3F12DE6-9A4E-4961-AC7B-31C13D78038A}.Release|x64.Build.0 = Release|x64
		{A3F12DE6-9A4E-4961-AC7B-31C13D78038A}.Release|x86.ActiveCfg = Release|Win32
		{A3F12DE6-9A4E-4961-AC7B-31C13D78038A}.Release|x86.Build.0 = Release|Win32
		{01FBF20B-E78D-45EB-884C-20D64191AEEA}.Debug|x64.ActiveCfg = Debug|x64
		{01FBF20B-E78D-45EB-884C-20D64191AEEA}.Debug|x64.Build.0 = Debug|x64
		{01FBF20B-E78D-45EB-884C-20D64191AEEA}.Debug|x86.ActiveCfg = Debug|Win32
		{01FBF20B-E78D-45EB-884C-20D64191AEEA}.Debug|x86.Build.0 = Debug|Win32
		{01FBF20B-E78D-45EB-884C-20D64191AEEA}.Release|x64.ActiveCfg = Release|x64
		{01FBF20B-E78D-45EB-884C-20D64191AEEA}.Release|x64.Build.0 = Release|x64
		{01FBF20B-E78D-45EB-884C-20D64191AEEA}.Release|x86.ActiveCfg = Release|Win32
		{01FBF20B-E78D-45EB-884C-20D64191AEEA}.Release|x86.Build.0 = Release|Win32
		{0A19AD1A-D582-433F-A3E8-00CCED0CB0EA}.Debug|x64.ActiveCfg = Debug|x64
		{0A19AD1A-D582-433F-A3E8-00CCED0CB0EA}.Debug|x64.Build.0 = Debug|x64
		{0A19AD1A-D582-433F-A3E8-00CCED0CB0EA}.Debug|x86.ActiveCfg = Debug|Win32
		{0A19AD1A-D582-433F-A3E8-00CCED0CB0EA}.Debug|x86.Build.0 = Debug|Win32
		{0A19AD1A-D582-433F-A3E8-00CCED0CB0EA}.Release|x64.ActiveCfg = Release|x64
		{0A19AD1A-D582-433F-A3E8-00CCED0CB0EA}.Release|x64.Build.0 = Release|x64
		{0A19AD1A-D582-433F-A3E8-00CCED0CB0EA}.Release|x86.ActiveCfg = Release|Win32
		{0A19AD1A-D582-433F-A3E8-00CCED0CB0EA}.Release|x86.Build.0 = Release|Win32
		{E9266407-9027-4026-AC16-A81107E11571}.Debug|x64.ActiveCfg = Debug|x64
		{E9266407-9027-4026-AC16-A81107E11571}.Debug|x64.Build.0 = Debug|x64
		{E9266407-9027-4026-AC16-A81107E11571}.Debug|x86.ActiveCfg = Debug|Win32
		{E9266407-9027-4026-AC16-A81107E11571}.Debug|x86.Build.0 = Debug|Win32
		{E9266407-9027-4026-AC16-A81107E11571}.Release|x64.ActiveCfg = Release|x64
		{E9266407-9027-4026-AC16-A81107E11571}.Release|x64.Build.0 = Release|x64
		{E9266407-9027-4026-AC16-A81107E11571}.Release|x86.ActiveCfg = Release|Win32
		{E9266407-9027-4026-AC16-A81107E11571}.Release|x86.Build.0 = Release|Win32
		{3B556C82-66A7-403B-B724-678744B72534}.Debug|x64.ActiveCfg = Debug|x64
		{3B556C82-66A7-403B-B724-678744B72534}.Debug|x64.Build.0 = Debug|x64
		{3B556C82-66A7-403B-B724-678744B72534}.Debug|x86.ActiveCfg = Debug|Win32
		{3B556C82-66A7-403B-B724-678744B72534}.Debug|x86.Build.0 = Debug|Win32
		{3B556C82-66A7-403B-B724-678744B72534}.Release|x64.ActiveCfg = Release|x64
		{3B556C82-66A7-403B-B724-678744B72534}.Release|x64.Build.0 = Release|x64
		{3B556C82-66A7-403B-B724-678744B72534}.Release|x86.ActiveCfg = Release|Win32
		{3B556C82-66A7-403B-B724-678744B72534}.Release|x86.Build.0 = Release|Win32
		{7A5A34BA-7BE4-423C-8768-889632654381}.Debug|x64.ActiveCfg = Debug|x64
		{7A5A34BA-7BE4-423C-8768-889632654381}.Debug|x64.Build.0 = Debug|x64
		{7A5A34BA-7BE4-423C-8768-889632654381}.Debug|x86.ActiveCfg = Debug|Win32
		{7A5A34BA-7BE4-423C-8768-889632654381}.Debug|x86.Build.0 = Debug|Win32
		{7A5A34BA-7BE4-423C-8768-889632654381}.Release|x64.ActiveCfg = Release|x64
		{7A5A34BA-7BE4-423C-8768-889632654381}.Release|x64.Build.0 = Release|x64
		{7A5A34BA-7BE4-423C-8768-889632654381}.Release|x86.ActiveCfg = Release|Win32
		{7A5A34BA-7BE4-423C-8768-889632654381}.Release|x86.Build.0 = Release|Win32
		{FEF75516-38BF-412F-842C-EDBD8AC346A9}.Debug|x64.ActiveCfg = Debug|x64
		{FEF75516-38BF-412F-842C-EDBD8AC346A9}.Debug|x64.Build.0 = Debug|x64
		{FEF75516-38BF-412F-842C-EDBD8AC346A9}.Debug|x86.ActiveCfg = Debug|Win32
		{FEF75516-38BF-412F-842C-EDBD8AC346A9}.Debug|x86.Build.0 = Debug|Win32
		{FEF75516-38BF-412F-842C-EDBD8AC346A9}.Release|x64.ActiveCfg = Release|x64
		{FEF75516-38BF-412F-842C-EDBD8AC346A9}.Release|x64.Build.0 = Release|x64
		{FEF75516-38BF-412F-842C-EDBD8AC346A9}.Release|x86.ActiveCfg = Release|Win32
		{FEF75516-38BF-412F-842C-EDBD8AC346A9}.Release|x86.Build.0 = Release|Win32
		{0B438D08-1DEC-42C7-80B3-584589F7406B}.Debug|x64.ActiveCfg = Debug|x64
		{0B438D08-1DEC-42C7-80B3-584589F7406B}.Debug|x64.Build.0 = Debug|x64
		{0B438D08-1DEC-42C7-80B3-584589F7406B}.Debug|x86.ActiveCfg = Debug|Win32
		{0B438D08-1DEC-42C7-80B3-584589F7406B}.Debug|x86.Build.0 = Debug|Win32
		{0B438D08-1DEC-42C7-80B3-584589F7406B}.Release|x64.ActiveCfg = Release|x64
		{0B438D08-1DEC-42C7-80B3-584589F7406B}.Release|x64.Build.0 = Release|x64
		{0B438D08-1DEC-42C7-80B3-584589F7406B}.Release|x86.ActiveCfg = Release|Win32
		{0B438D08-1DEC-42C7-80B3-584589F7406B}.Release|x86.Build.0 = Release|Win32
		{820D6D54-4DCA-4ACF-9E97-6B6D7E39F054}.Debug|x64.ActiveCfg = Debug|x64
		{820D6D54-4DCA-4ACF-9E97-6B6D7E39F054}.Debug|x64.Build.0 = Debug|x64
		{820D6D54-4DCA-4ACF-9E97-6B6D7E39F054}.Debug|x86.ActiveCfg = Debug|Win32
		{820D6D54-4DCA-4ACF-9E97-6B6D7E39F054}.Debug|x86.Build.0 = Debug|Win32
		{820D6D54-4DCA-4ACF-9E97-6B6D7E39F054}.Release|x64.ActiveCfg = Release|x64
		{820D6D54-4DCA-4ACF-9E97-6B6D7E39F054}.Release|x64.Build.0 = Release|x64
		{820D6D54-4DCA-4ACF-9E97-6B6D7E39F054}.Release|x86.ActiveCfg = Release|Win32
		{820D6D54-4DCA-4ACF-9E97-6B6D7E39F054}.Release|x86.Build.0 = Release|Win32
		{11B60726-BEF5-4D24-AA67-40F61924DB3E}.Debug|x64.ActiveCfg = Debug|x64
		{11B60726-BEF5-4D24-AA67-40F61924DB3E}.Debug|x64.Build.0 = Debug|x64
		{11B60726-BEF5-4D24-AA67-40F61924DB3E}.Debug|x86.ActiveCfg = Debug|Win32
		{11B60726-BEF5-4D24-AA67-40F61924DB3E}.Debug|x86.Build.0 = Debug|Win32
		{11B60726-BEF5-4D24-AA67-40F61924DB3E}.Release|x64.ActiveCfg = Release|x64
		{11B60726-BEF5-4D24-AA67-40F61924DB3E}.Release|x64.Build.0 = Release|x64
		{11B60726-BEF5-4D24-AA67-40F61924DB3E}.Release|x86.ActiveCfg = Release|Win32
		{11B60726-BEF5-4D24-AA67-40F61924DB3E}.Release|x86.Build.0 = Release|Win32
		{AB1AD529-6F7B-4F56-962C-9EFB3998862D}.Debug|x64.ActiveCfg = Debug|x64
		{AB1AD529-6F7B-4F56-962C-9EFB3998862D}.Debug|x64.Build.0 = Debug|x64
		{AB1AD529-6F7B-4F56-962C-9EFB3998862D}.Debug|x86.ActiveCfg = Debug|Win32
		{AB1AD529-6F7B-4F56-962C-9EFB3998862D}.Debug|x86.Build.0 = Debug|Win32
		{AB1AD529-6F7B-4F56-962C-9EFB3998862D}.Release|x64.ActiveCfg = Release|x64
		{AB1AD529-6F7B-4F56-962C-9EFB3998862D}.Release|x64.Build.0 = Release|x64
		{AB1AD529-6F7B-4F56-962C-9EFB3998862D}.Release|x86.ActiveCfg = Release|Win32
		{AB1AD529-6F7B-4F56-962C-9EFB3998862D}.Release|x86.Build.0 = Release|Win32
		{2CF0F4CA-387D-458C-B1FF-38BFCFDBAF8E}.Debug|x64.ActiveCfg = Debug|x64
		{2CF0F4CA-387D-458C-B1FF-38BFCFDBAF8E}.Debug|x64.Build.0 = Debug|x64
		{2CF0F4CA-387D-458C-B1FF-38BFCFDBAF8E}.Debug|x86.ActiveCfg = Debug|Win32
		{2CF0F4CA-387D-458C-B1FF-38BFCFDBAF8E}.Debug|x86.Build.0 = Debug|Win32
		{2CF0F4CA-387D-458C-B1FF-38BFCFDBAF8E}.Release|x64.ActiveCfg = Release|x64
		{2CF0F4CA-387D-458C-B1FF-38BFCFDBAF8E}.Release|x64.Build.0 = Release|x64
		{2CF0F4CA-387D-458C-B1FF-38BFCFDBAF8E}.Release|x86.ActiveCfg = Release|Win32
		{2CF0F4CA-387D-458C-B1FF-38BFCFDBAF8E}.Release|x86.Build.0 = Release|Win32
		{3E3E481C-D1C3-430D-95D5-F3A569052E58}.Debug|x64.ActiveCfg = Debug|x64
		{3E3E481C-D1C3-430D-95D5-F3A569052E58}.Debug|x64.Build.0 = Debug|x64
		{3E3E481C-D1C3-430D-95D5-F3A569052E58}.Debug|x86.ActiveCfg = Debug|Win32
		{3E3E481C-D1C3-430D-95D5-F3A569052E58}.Debug|x86.Build.0 = Debug|Win32
		{3E3E481C-D1C3-430D-95D5-F3A569052E58}.Release|x64.ActiveCfg = Release|x64
		{3E3E481C-D1C3-430D-95D5-F3A569052E58}.Release|x64.Build.0 = Release|x64
		{3E3E481C-D1C3-430D-95D5-F3A569052E58}.Release|x86.ActiveCfg = Release|Win32
		{3E3E481C-D1C3-430D-95D5-F3A569052E58}.Release|x86.Build.0 = Release|Win32
		{67A680E9-7EDF-4889-BD0B-61BEF2CCB9BE}.Debug|x64.ActiveCfg = Debug|x64
		{67A680E9-7EDF-4889-BD0B-61BEF2CCB9BE}.Debug|x64.Build.0 = Debug|x64
		{67A680E9-7EDF-4889-BD0B-61BEF2CCB9BE}.Debug|x86.ActiveCfg = Debug|Win32
		{67A680E9-7EDF-4889-BD0B-61BEF2CCB9BE}.Debug|x86.Build.0 = Debug|Win32
		{67A680E9-7EDF-4889-BD0B-61BEF2CCB9BE}.Release|x64.ActiveCfg = Release|x64
		{67A680E9-7EDF-4889-BD0B-61BEF2CCB9BE}.Release|x64.Build.0 = Release|x64
		{67A680E9-7EDF-4889-BD0B-61BEF2CCB9BE}.Release|x86.ActiveCfg = Release|Win32
		{67A680E9-7EDF-4889-BD0B-61BEF2CCB9BE}.Release|x86.Build.0 = Release|Win32
		{F4C41A4D-EB49-47FC-B773-0CF1E1B356F1}.Debug|x64.ActiveCfg = Debug|x64
		{F4C41A4D-EB49-47FC-B773-0CF1E1B356F1}.Debug|x64.Build.0 = Debug|x64
		{F4C41A4D-EB49-47FC-B773-0CF1E1B356F1}.Debug|x86.ActiveCfg = Debug|Win32
		{F4C41A4D-EB49-47FC-B773-0CF1E1B356F1}.Debug|x86.Build.0 = Debug|Win32
		{F4C41A4D-EB49-47FC-B773-0CF1E1B356F1}.Release|x64.ActiveCfg = Release|x64
		{F4C41A4D-EB49-47FC-B773-0CF1E1B356F1}.Release|x64.Build.0 = Release|x64
		{F4C41A4D-EB49-47FC-B773-0CF1E1B356F1}.Release|x86.ActiveCfg = Release|Win32
		{F4C41A4D-EB49-47FC-B773-0CF1E1B356F1}.Release|x86.Build.0 = Release|Win32
		{DEBBED4E-045E-4064-BD97-1D1021742E7C}.Debug|x64.ActiveCfg = Debug|x64
		{DEBBED4E-045E-4064-BD97-1D1021742E7C}.Debug|x64.Build.0 = Debug|x64
		{DEBBED4E-045E-4064-BD97-1D1021742E7C}.Debug|x86.ActiveCfg = Debug|Win32
		{DEBBED4E-045E-4064-BD97-1D1021742E7C}.Debug|x86.Build.0 = Debug|Win32
		{DEBBED4E-045E-4064-BD97-1D1021742E7C}.Release|x64.ActiveCfg = Release|x64
		{DEBBED4E-045E-4064-BD97-1D1021742E7C}.Release|x64.Build.0 = Release|x64
		{DEBBED4E-045E-4064-BD97-1D1021742E7C}.Release|x86.ActiveCfg = Release|Win32
		{DEBBED4E-045E-4064-BD97-1D1021742E7C}.Release|x86.Build.0 = Release|Win32
		{C699B9BD-C7C5-42FC-853D-A9333D2EFC88}.Debug|x64.ActiveCfg = Debug|x64
		{C699B9BD-C7C5-42FC-853D-A9333D2EFC88}.Debug|x64.Build.0 = Debug|x64
		{C699B9BD-C7C5-42FC-853D-A9333D2EFC88}.Debug|x86.ActiveCfg = Debug|Win32
		{C699B9BD-C7C5-42FC-853D-A9333D2EFC88}.Debug|x86.Build.0 = Debug|Win32
		{C699B9BD-C7C5-42FC-853D-A9333D2EFC88}.Release|x64.ActiveCfg = Release|x64
		{C699B9BD-C7C5-42FC-853D-A9333D2EFC88}.Release|x64.Build.0 = Release|x64
		{C699B9BD-C7C5-42FC-853D-A9333D2EFC88}.Release|x86.ActiveCfg = Release|Win32
		{C699B9BD-C7C5-42FC-853D-A9333D2EFC88}.Release|x86.Build.0 = Release|Win32
		{BFB7E6E2-4E08-4113-A378-5BBAE995E202}.Debug|x64.ActiveCfg = Debug|x64
		{BFB7E6E2-4E08-4113-A378-5BBAE995E202}.Debug|x64.Build.0 = Debug|x64
		{BFB7E6E2-4E08-4113-A378-5BBAE995E202}.Debug|x86.ActiveCfg = Debug|Win32
		{BFB7E6E2-4E08-4113-A378-5BBAE995E202}.Debug|x86.Build.0 = Debug|Win32
		{BFB7E6E2-4E08-4113-A378-5BBAE995E202}.Release|x64.ActiveCfg = Release|x64
		{BFB7E6E2-4E08-4113-A378-5BBAE995E202}.Release|x64.Build.0 = Release|x64
		{BFB7E6E2-4E08-4113-A378-5BBAE995E202}.Release|x86.ActiveCfg = Release|Win32
		{BFB7E6E2-4E08-4113-A378-5BBAE995E202}.Release|x86.Build.0 = Release|Win32
		{D03A413D-664E-49A4-9F3E-BF99703CB68A}.Debug|x64.ActiveCfg = Debug|x64
		{D03A413D-664E-49A4-9F3E-BF99703CB68A}.Debug|x64.Build.0 = Debug|x64
		{D03A413D-664E-49A4-9F3E-BF99703CB68A}.Debug|x86.ActiveCfg = Debug|Win32
		{D03A413D-664E-49A4-9F3E-BF99703CB68A}.Debug|x86.Build.0 = Debug|Win32
		{D03A413D-664E-49A4-9F3E-BF99703CB68A}.Release|x64.ActiveCfg = Release|x64
		{D03A413D-664E-49A4-9F3E-BF99703CB68A}.Release|x64.Build.0 = Release|x64
		{D03A413D-664E-49A4-9F3E-BF99703CB68A}.Release|x86.ActiveCfg = Release|Win32
		{D03A413D-664E-49A4-9F3E-BF99703CB68A}.Release|x86.Build.0 = Release|Win32
		{30250158-A1D0-45E9-B92F-76ADAF86DAB7}.Debug|x64.ActiveCfg = Debug|x64
		{30250158-A1D0-45E9-B92F-76ADAF86DAB7}.Debug|x64.Build.0 = Debug|x64
		{30250158-A1D0-45E9-B92F-76ADAF86DAB7}.Debug|x86.ActiveCfg = Debug|Win32
		{30250158-A1D0-45E9-B92F-76ADAF86DAB7}.Debug|x86.Build.0 = Debug|Win32
		{30250158-A1D0-45E9-B92F-76ADAF86DAB7}.Release|x64.ActiveCfg = Release|x64
		{30250158-A1D0-45E9-B92F-76ADAF86DAB7}.Release|x64.Build.0 = Release|x64
		{30250158-A1D0-45E9-B92F-76ADAF86DAB7}.Release|x86.ActiveCfg = Release|Win32
		{30250158-A1D0-45E9-B92F-76ADAF86DAB7}.Release|x86.Build.0 = Release|Win32
		{904C2FCF-D264-4A1D-8C37-7E29C55596E1}.Debug|x64.ActiveCfg = Debug|x64
		{904C2FCF-D264-4A1D-8C37-7E29C55596E1}.Debug|x64.Build.0 = Debug|x64
		{904C2FCF-D264-4A1D-8C37-7E29C55596E1}.Debug|x86.ActiveCfg = Debug|Win32
		{904C2FCF-D264-4A1D-8C37-7E29C55596E1}.Debug|x86.Build.0 = Debug|Win32
		{904C2FCF-D264-4A1D-8C37-7E29C55596E1}.Release|x64.ActiveCfg = Release|x64
		{904C2FCF-D264-4A1D-8C37-7E29C55596E1}.Release|x64.Build.0 = Release|x64
		{904C2FCF-D264-4A1D-8C37-7E29C55596E1}.Release|x86.ActiveCfg = Release|Win32
		{904C2FCF-D264-4A1D-8C37-7E29C55596E1}.Release|x86.Build.0 = Release|Win32
		{DE219A6D-90B1-4A0E-913C-115A88F03B3D}.Debug|x64.ActiveCfg = Debug|x64
		{DE219A6D-90B1-4A0E-913C-115A88F03B3D}.Debug|x64.Build.0 = Debug|x64
		{DE219A6D-90B1-4A0E-913C-115A88F03B3D}.Debug|x86.ActiveCfg = Debug|Win32
		{DE219A6D-90B1-4A0E-913C-115A88F03B3D}.Debug|x86.Build.0 = Debug|Win32
		{DE219A6D-90B1-4A0E-913C-115A88F03B3D}.Release|x64.ActiveCfg = Release|x64
		{DE219A6D-90B1-4A0E-913C-115A88F03B3D}.Release|x64.Build.0 = Release|x64
		{DE219A6D-90B1-4A0E-913C-115A88F03B3D}.Release|x86.ActiveCfg = Release|Win32
		{DE219A6D-90B1-4A0E-913C-115A88F03B3D}.Release|x86.Build.0 = Release|Win32
		{64DC3542-21A2-4926-8E67-84E39E3E8FDF}.Debug|x64.ActiveCfg = Debug|x64
		{64DC3542-21A2-4926-8E67-84E39E3E8FDF}.Debug|x64.Build.0 = Debug|x64
		{64DC3542-21A2-4926-8E67-84E39E3E8FDF}.Debug|x86.ActiveCfg = Debug|Win32
		{64DC3542-21A2-4926-8E67-84E39E3E8FDF}.Debug|x86.Build.0 = Debug|Win32
		{64DC3542-21A2-4926-8E67-84E39E3E8FDF}.Release|x64.ActiveCfg = Release|x64
		{64DC3542-21A2-4926-8E67-84E39E3E8FDF}.Release|x64.Build.0 = Release|x64
		{64DC3542-21A2-4926-8E67-84E39E3E8FDF}.Release|x86.ActiveCfg = Release|Win32
		{64DC3542-21A2-4926-8E67-84E39E3E8FDF}.Release|x86.Build.0 = Release|Win32
		{43F47236-CD0D-486A-9CFA-92C982E17727}.Debug|x64.ActiveCfg = Debug|x64
		{43F47236-CD0D-486A-9CFA-92C982E17727}.Debug|x64.Build.0 = Debug|x64
		{43F47236-CD0D-486A-9CFA-92C982E17727}.Debug|x86.ActiveCfg = Debug|Win32
		{43F47236-CD0D-486A-9CFA-92C982E17727}.Debug|x86.Build.0 = Debug|Win32
		{43F47236-CD0D-486A-9CFA-92C982E17727}.Release|x64.ActiveCfg = Release|x64
		{43F47236-CD0D-486A-9CFA-92C982E17727}.Release|x64.Build.0 = Release|x64
		{43F47236-CD0D-486A-9CFA-92C982E17727}.Release|x86.ActiveCfg = Release|Win32
		{43F47236-CD0D-486A-9CFA-92C982E17727}.Release|x86.Build.0 = Release|Win32
		{BFCF7A6F-B595-411A-A8C9-4F2CCC25B0FD}.Debug|x64.ActiveCfg = Debug|x64
		{BFCF7A6F-B595-411A-A8C9-4F2CCC25B0FD}.Debug|x64.Build.0 = Debug|x64
		{BFCF7A6F-B595-411A-A8C9-4F2CCC25B0FD}.Debug|x86.ActiveCfg = Debug|Win32
		{BFCF7A6F-B595-411A-A8C9-4F2CCC25B0FD}.Debug|x86.Build.0 = Debug|Win32
		{BFCF7A6F-B595-411A-A8C9-4F2CCC25B0FD}.Release|x64.ActiveCfg = Release|x64
		{BFCF7A6F-B595-411A-A8C9-4F2CCC25B0FD}.Release|x64.Build.0 = Release|x64
		{BFCF7A6F-B595-411A-A8C9-4F2CCC25B0FD}.Release|x86.ActiveCfg = Release|Win32
		{BFCF7A6F-B595-411A-A8C9-4F2CCC25B0FD}.Release|x86.Build.0 = Release|Win32
		{F283B5F1-2681-4D9A-BB00-B329227E4BA7}.Debug|x64.ActiveCfg = Debug|x64
		{F283B5F1-2681-4D9A-BB00-B329227E4BA7}.Debug|x64.Build.0 = Debug|x64
		{F283B5F1-2681-4D9A-BB00-B329227E4BA7}.Debug|x86.ActiveCfg = Debug|Win32
		{F283B5F1-2681-4D9A-BB00-B329227E4BA7}.Debug|x86.Build.0 = Debug|Win32
		{F283B5F1-2681-4D9A-BB00-B329227E4BA7}.Release|x64.ActiveCfg = Release|x64
		{F283B5F1-2681-4D9A-BB00-B329227E4BA7}.Release|x64.Build.0 = Release|x64
		{F283B5F1-2681-4D9A-BB00-B329227E4BA7}.Release|x86.ActiveCfg = Release|Win32
		{F283B5F1-2681-4D9A-BB00-B329227E4BA7}.Release|x86.Build.0 = Release|Win32
		{C914E6C6-1063-4C50-9C5F-7D553E1AB254}.Debug|x64.ActiveCfg = Debug|x64
		{C914E6C6-1063-4C50-9C5F-7D553E1AB254}.Debug|x64.Build.0 = Debug|x64
		{C914E6C6-1063-4C50-9C5F-7D553E1AB254}.Debug|x86.ActiveCfg = Debug|Win32
		{C914E6C6-1063-4C50-9C5F-7D553E1AB254}.Debug|x86.Build.0 = Debug|Win32
		{C914E6C6-1063-4C50-9C5F-7D553E1AB254}.Release|x64.ActiveCfg = Release|x64
		{C914E6C6-1063-4C50-9C5F-7D553E1AB254}.Release|x64.Build.0 = Release|x64
		{C914E6C6-1063-4C50-9C5F-7D553E1AB254}.Release|x86.ActiveCfg = Release|Win32
		{C914E6C6-1063-4C50-9C5F-7D553E1AB254}.Release|x86.Build.0 = Release|Win32
		{0018B953-0B17-43A6-9231-3317B7DC595D}.Debug|x64.ActiveCfg = Debug|x64
		{0018B953-0B17-43A6-9231-3317B7DC595D}.Debug|x64.Build.0 = Debug|x64
		{0018B953-0B17-43A6-9231-3317B7DC595D}.Debug|x86.ActiveCfg = Debug|Win32
		{0018B953-0B17-43A6-9231-3317B7DC595D}.Debug|x86.Build.0 = Debug|Win32
		{0018B953-0B17-43A6-9231-3317B7DC595D}.Release|x64.ActiveCfg = Release|x64
		{0018B953-0B17-43A6-9231-3317B7DC595D}.Release|x64.Build.0 = Release|x64
		{0018B953-0B17-43A6-9231-3317B7DC595D}.Release|x86.ActiveCfg = Release|Win32
		{0018B953-0B17-43A6-9231-3317B7DC595D}.Release|x86.Build.0 = Release|Win32
		{8377A529-70A2-4CF5-8C74-C382F4C89739}.Debug|x64.ActiveCfg = Debug|x64
		{8377A529-70A2-4CF5-8C74-C382F4C89739}.Debug|x64.Build.0 = Debug|x64
		{8377A529-70A2-4CF5-8C74-C382F4C89739}.Debug|x86.ActiveCfg = Debug|Win32
		{8377A529-70A2-4CF5-8C74-C382F4C89739}.Debug|x86.Build.0 = Debug|Win32
		{8377A529-70A2-4CF5-8C74-C382F4C89739}.Release|x64.ActiveCfg = Release|x64
		{8377A529-70A2-4CF5-8C74-C382F4C89739}.Release|x64.Build.0 = Release|x64
		{8377A529-70A2-4CF5-8C74-C382F4C89739}.Release|x86.ActiveCfg = Release|Win32
		{8377A529-70A2-4CF5-8C74-C382F4C89739}.Release|x86.Build.0 = Release|Win32
		{C75FDC3D-44FE-4898-A49D-27AE7DA7A2FD}.Debug|x64.ActiveCfg = Debug|x64
		{C75FDC3D-44FE-4898-A49D-27AE7DA7A2FD}.Debug|x64.Build.0 = Debug|x64
		{C75FDC3D-44FE-4898-A49D-27AE7DA7A2FD}.Debug|x86.ActiveCfg = Debug|Win32
		{C75FDC3D-44FE-4898-A49D-27AE7DA7A2FD}.Debug|x86.Build.0 = Debug|Win32
		{C75FDC3D-44FE-4898-A49D-27AE7DA7A2FD}.Release|x64.ActiveCfg = Release|x64
		{C75FDC3D-44FE-4898-A49D-27AE7DA7A2FD}.Release|x64.Build.0 = Release|x64
		{C75FDC3D-44FE-4898-A49D-27AE7DA7A2FD}.Release|x86.ActiveCfg = Release|Win32
		{C75FDC3D-44FE-4898-A49D-27AE7DA7A2FD}.Release|x86.Build.0 = Release|Win32
		{420C4FDE-CC9F-41B7-97DE-85BEE2B1D9C2}.Debug|x64.ActiveCfg = Debug|x64
		{420C4FDE-CC9F-41B7-97DE-85BEE2B1D9C2}.Debug|x64.Build.0 = Debug|x64
		{420C4FDE-CC9F-41B7-97DE-85BEE2B1D9C2}.Debug|x86.ActiveCfg = Debug|Win32
		{420C4FDE-CC9F-41B7-97DE-85BEE2B1D9C2}.Debug|x86.Build.0 = Debug|Win32
		{420C4FDE-CC9F-41B7-97DE-85BEE2B1D9C2}.Release|x64.ActiveCfg = Release|x64
		{420C4FDE-CC9F-41B7-97DE-85BEE2B1D9C2}.Release|x64.Build.0 = Release|x64
		{420C4FDE-CC9F-41B7-97DE-85BEE2B1D9C2}.Release|x86.ActiveCfg = Release|Win32
		{420C4FDE-CC9F-41B7-97DE-85BEE2B1D9C2}.Release|x86.Build.0 = Release|Win32
		{64030417-FCAF-43F0-958E-04303650257D}.Debug|x64.ActiveCfg = Debug|x64
		{64030417-FCAF-43F0-958E-04303650257D}.Debug|x64.Build.0 = Debug|x64
		{64030417-FCAF-43F0-958E-04303650257D}.Debug|x86.ActiveCfg = Debug|Win32
		{64030417-FCAF-43F0-958E-04303650257D}.Debug|x86.Build.0 = Debug|Win32
		{64030417-FCAF-43F0-958E-04303650257D}.Release|x64.ActiveCfg = Release|x64
		{64030417-FCAF-43F0-958E-04303650257D}.Release|x64.Build.0 = Release|x64
		{64030417-FCAF-43F0-958E-04303650257D}.Release|x86.ActiveCfg = Release|Win32
		{64030417-FCAF-43F0-958E-04303650257D}.Release|x86.Build.0 = Release|Win32
		{B38B8933-A997-4007-996D-C0EADB5CDF8D}.Debug|x64.ActiveCfg = Debug|x64
		{B38B8933-A997-4007-996D-C0EADB5CDF8D}.Debug|x64.Build.0 = Debug|x64
		{B38B8933-A997-4007-996D-C0EADB5CDF8D}.Debug|x86.ActiveCfg = Debug|Win32
		{B38B8933-A997-4007-996D-C0EADB5CDF8D}.Debug|x86.Build.0 = Debug|Win32
		{B38B8933-A997-4007-996D-C0EADB5CDF8D}.Release|x64.ActiveCfg = Release|x64
		{B38B8933-A997-4007-996D-C0EADB5CDF8D}.Release|x64.Build.0 = Release|x64
		{B38B8933-A997-4007-996D-C0EADB5CDF8D}.Release|x86.ActiveCfg = Release|Win32
		{B38B8933-A997-4007-996D-C0EADB5CDF8D}.Release|x86.Build.0 = Release|Win32
		{604B9B7D-50D8-4BE6-B7F3-B7D69251DCD0}.Debug|x64.ActiveCfg = Debug|x64
		{604B9B7D-50D8-4BE6-B7F3-B7D69251DCD0}.Debug|x64.Build.0 = Debug|x64
		{604B9B7D-50D8-4BE6-B7F3-B7D69251DCD0}.Debug|x86.ActiveCfg = Debug|Win32
		{604B9B7D-50D8-4BE6-B7F3-B7D69251DCD0}.Debug|x86.Build.0 = Debug|Win32
		{604B9B7D-50D8-4BE6-B7F3-B7D69251DCD0}.Release|x64.ActiveCfg = Release|x64
		{604B9B7D-50D8-4BE6-B7F3-B7D69251DCD0}.Release|x64.Build.0 = Release|x64
		{604B9B7D-50D8-4BE6-B7F3-B7D69251DCD0}.Release|x86.ActiveCfg = Release|Win32
		{604B9B7D-50D8-4BE6-B7F3-B7D69251DCD0}.Release|x86.Build.0 = Release|Win32
		{7DDA4028-4581-404B-9BA4-D932289D8BC5}.Debug|x64.ActiveCfg = Debug|x64
		{7DDA4028-4581-404B-9BA4-D932289D8BC5}.Debug|x64.Build.0 = Debug|x64
		{7DDA4028-4581-404B-9BA4-D932289D8BC5}.Debug|x86.ActiveCfg = Debug|Win32
		{7DDA4028-4581-404B-9BA4-D932289D8BC5}.Debug|x86.Build.0 = Debug|Win32
		{7DDA4028-4581-404B-9BA4-D932289D8BC5}.Release|x64.ActiveCfg = Release|x64
		{7DDA4028-4581-404B-9BA4-D932289D8BC5}.Release|x64.Build.0 = Release|x64
		{7DDA4028-4581-404B-9BA4-D932289D8BC5}.Release|x86.ActiveCfg = Release|Win32
		{7DDA4028-4581-404B-9BA4-D932289D8BC5}.Release|x86.Build.0 = Release|Win32
		{833E5510-16D5-48B1-BC29-3BDB8594AC2C}.Debug|x64.ActiveCfg = Debug|x64
		{833E5510-16D5-48B1-BC29-3BDB8594AC2C}.Debug|x64.Build.0 = Debug|x64
		{833E5510-16D5-48B1-BC29-3BDB8594AC2C}.Debug|x86.ActiveCfg = Debug|Win32
		{833E5510-16D5-48B1-BC29-3BDB8594AC2C}.Debug|x86.Build.0 = Debug|Win32
		{833E5510-16D5-48B1-BC29-3BDB8594AC2C}.Release|x64.ActiveCfg = Release|x64
		{833E5510-16D5-48B1-BC29-3BDB8594AC2C}.Release|x64.Build.0 = Release|x64
		{833E5510-16D5-48B1-BC29-3BDB8594AC2C}.Release|x86.ActiveCfg = Release|Win32
		{833E5510-16D5-48B1-BC29-3BDB8594AC2C}.Release|x86.Build.0 = Release|Win32
		{DF146DA4-03B3-4431-8AAD-444EE2FFE6D4}.Debug|x64.ActiveCfg = Debug|x64
		{DF146DA4-03B3-4431-8AAD-444EE2FFE6D4}.Debug|x64.Build.0 = Debug|x64
		{DF146DA4-03B3-4431-8AAD-444EE2FFE6D4}.Debug|x86.ActiveCfg = Debug|Win32
		{DF146DA4-03B3-4431-8AAD-444EE2FFE6D4}.Debug|x86.Build.0 = Debug|Win32
		{DF146DA4-03B3-4431-8AAD-444EE2FFE6D4}.Release|x64.ActiveCfg = Release|x64
		{DF146DA4-03B3-4431-8AAD-444EE2FFE6D4}.Release|x64.Build.0 = Release|x64
		{DF146DA4-03B3-4431-8AAD-444EE2FFE6D4}.Release|x86.ActiveCfg = Release|Win32
		{DF146DA4-03B3-4431-8AAD-444EE2FFE6D4}.Release|x86.Build.0 = Release|Win32
		{AC73F592-B2C2-4F16-84F7-76DD81F7A9D0}.Debug|x64.ActiveCfg = Debug|x64
		{AC73F592-B2C2-4F16-84F7-76DD81F7A9D0}.Debug|x64.Build.0 = Debug|x64
		{AC73F592-B2C2-4F16-84F7-76DD81F7A9D0}.Debug|x86.ActiveCfg = Debug|Win32
		{AC73F592-B2C2-4F16-84F7-76DD81F7A9D0}.Debug|x86.Build.0 = Debug|Win32
		{AC73F592-B2C2-4F16-84F7-76DD81F7A9D0}.Release|x64.ActiveCfg = Release|x64
		{AC73F592-B2C2-4F16-84F7-76DD81F7A9D0}.Release|x64.Build.0 = Release|x64
		{AC73F592-B2C2-4F16-84F7-76DD81F7A9D0}.Release|x86.ActiveCfg = Release|Win32
		{AC73F592-B2C2-4F16-84F7-76DD81F7A9D0}.Release|x86.Build.0 = Release|Win32
		{E13B9A88-922B-4377-B873-AAE37C12E7C5}.Debug|x64.ActiveCfg = Debug|x64
		{E13B9A88-922B-4377-B873-AAE37C12E7C5}.Debug|x64.Build.0 = Debug|x64
		{E13B9A88-922B-4377-B873-AAE37C12E7C5}.Debug|x86.ActiveCfg = Debug|Win32
		{E13B9A88-922B-4377-B873-AAE37C12E7C5}.Debug|x86.Build.0 = Debug|Win32
		{E13B9A88-922B-4377-B873-AAE37C12E7C5}.Release|x64.ActiveCfg = Release|x64
		{E13B9A88-922B-4377-B873-AAE37C12E7C5}.Release|x64.Build.0 = Release|x64
		{E13B9A88-922B-4377-B873-AAE37C12E7C5}.Release|x86.ActiveCfg = Release|Win32
		{E13B9A88-922B-4377-B873-AAE37C12E7C5}.Release|x86.Build.0 = Release|Win32
		{D976DF32-84B4-4CFD-BCB7-CB58787CBD34}.Debug|x64.ActiveCfg = Debug|x64
		{D976DF32-84B4-4CFD-BCB7-CB58787CBD34}.Debug|x64.Build.0 = Debug|x64
		{D976DF32-84B4-4CFD-BCB7-CB58787CBD34}.Debug|x86.ActiveCfg = Debug|Win32
		{D976DF32-84B4-4CFD-BCB7-CB58787CBD34}.Debug|x86.Build.0 = Debug|Win32
		{D976DF32-84B4-4CFD-BCB7-CB58787CBD34}.Release|x64.ActiveCfg = Release|x64
		{D976DF32-84B4-4CFD-BCB7-CB58787CBD34}.Release|x64.Build.0 = Release|x64
		{D976DF32-84B4-4CFD-BCB7-CB58787CBD34}.Release|x86.ActiveCfg = Release|Win32
		{D976DF32-84B4-4CFD-BCB7-CB58787CBD34}.Release|x86.Build.0 = Release|Win32
		{EEEDF81C-BEFA-4689-8602-76DABA6BC872}.Debug|x64.ActiveCfg = Debug|x64
		{EEEDF81C-BEFA-4689-8602-76DABA6BC872}.Debug|x64.Build.0 = Debug|x64
		{EEEDF81C-BEFA-4689-8602-76DABA6BC872}.Debug|x86.ActiveCfg = Debug|Win32
		{EEEDF81C-BEFA-4689-8602-76DABA6BC872}.Debug|x86.Build.0 = Debug|Win32
		{EEEDF81C-BEFA-4689-8602-76DABA6BC872}.Release|x64.ActiveCfg = Release|x64
		{EEEDF81C-BEFA-4689-8602-76DABA6BC872}.Release|x64.Build.0 = Release|x64
		{EEEDF81C-BEFA-4689-8602-76DABA6BC872}.Release|x86.ActiveCfg = Release|Win32
		{EEEDF81C-BEFA-4689-8602-76DABA6BC872}.Release|x86.Build.0 = Release|Win32
		{0A45C48F-5E3C-42B8-B318-2803242DB052}.Debug|x64.ActiveCfg = Debug|x64
		{0A45C48F-5E3C-42B8-B318-2803242DB052}.Debug|x64.Build.0 = Debug|x64
		{0A45C48F-5E3C-42B8-B318-2803242DB052}.Debug|x86.ActiveCfg = Debug|Win32
		{0A45C48F-5E3C-42B8-B318-2803242DB052}.Debug|x86.Build.0 = Debug|Win32
		{0A45C48F-5E3C-42B8-B318-2803242DB052}.Release|x64.ActiveCfg = Release|x64
		{0A45C48F-5E3C-42B8-B318-2803242DB052}.Release|x64.Build.0 = Release|x64
		{0A45C48F-5E3C-42B8-B318-2803242DB052}.Release|x86.ActiveCfg = Release|Win32
		{0A45C48F-5E3C-42B8-B318-2803242DB052}.Release|x86.Build.0 = Release|Win32
		{BE57415E-0FEF-4AB4-99E6-37DA15814AB7}.Debug|x64.ActiveCfg = Debug|x64
		{BE57415E-0FEF-4AB4-99E6-37DA15814AB7}.Debug|x64.Build.0 = Debug|x64
		{BE57415E-0FEF-4AB4-99E6-37DA15814AB7}.Debug|x86.ActiveCfg = Debug|Win32
		{BE57415E-0FEF-4AB4-99E6-37DA15814AB7}.Debug|x86.Build.0 = Debug|Win32
		{BE57415E-0FEF-4AB4-99E6-37DA15814AB7}.Release|x64.ActiveCfg = Release|x64
		{BE57415E-0FEF-4AB4-99E6-37DA15814AB7}.Release|x64.Build.0 = Release|x64
		{BE57415E-0FEF-4AB4-99E6-37DA15814AB7}.Release|x86.ActiveCfg = Release|Win32
		{BE57415E-0FEF-4AB4-99E6-37DA15814AB7}.Release|x86.Build.0 = Release|Win32
		{2E7683CC-C4DF-48DD-8937-E282A983AAD1}.Debug|x64.ActiveCfg = Debug|x64
		{2E7683CC-C4DF-48DD-8937-E282A983AAD1}.Debug|x64.Build.0 = Debug|x64
		{2E7683CC-C4DF-48DD-8937-E282A983AAD1}.Debug|x86.ActiveCfg = Debug|Win32
		{2E7683CC-C4DF-48DD-8937-E282A983AAD1}.Debug|x86.Build.0 = Debug|Win32
		{2E7683CC-C4DF-48DD-8937-E282A983AAD1}.Release|x64.ActiveCfg = Release|x64
		{2E7683CC-C4DF-48DD-8937-E282A983AAD1}.Release|x64.Build.0 = Release|x64
		{2E7683CC-C4DF-48DD-8937-E282A983AAD1}.Release|x86.ActiveCfg = Release|Win32
		{2E7683CC-C4DF-48DD-8937-E282A983AAD1}.Release|x86.Build.0 = Release|Win32
		{9809EE6E-B1C9-4584-B118-D45BFFB8419F}.Debug|x64.ActiveCfg = Debug|x64
		{9809EE6E-B1C9-4584-B118-D45BFFB8419F}.Debug|x64.Build.0 = Debug|x64
		{9809EE6E-B1C9-4584-B118-D45BFFB8419F}.Debug|x86.ActiveCfg = Debug|Win32
		{9809EE6E-B1C9-4584-B118-D45BFFB8419F}.Debug|x86.Build.0 = Debug|Win32
		{9809EE6E-B1C9-4584-B118-D45BFFB8419F}.Release|x64.ActiveCfg = Release|x64
		{9809EE6E-B1C9-4584-B118-D45BFFB8419F}.Release|x64.Build.0 = Release|x64
		{9809EE6E-B1C9-4584-B118-D45BFFB8419F}.Release|x86.ActiveCfg = Release|Win32
		{9809EE6E-B1C9-4584-B118-D45BFFB8419F}.Release|x86.Build.0 = Release|Win32
		{E6A3915F-4FAD-40F5-9A70-BB12BEB42BC3}.Debug|x64.ActiveCfg = Debug|x64
		{E6A3915F-4FAD-40F5-9A70-BB12BEB42BC3}.Debug|x64.Build.0 = Debug|x64
		{E6A3915F-4FAD-40F5-9A70-BB12BEB42BC3}.Debug|x86.ActiveCfg = Debug|Win32
		{E6A3915F-4FAD-40F5-9A70-BB12BEB42BC3}.Debug|x86.Build.0 = Debug|Win32
		{E6A3915F-4FAD-40F5-9A70-BB12BEB42BC3}.Release|x64.ActiveCfg = Release|x64
		{E6A3915F-4FAD-40F5-9A70-BB12BEB42BC3}.Release|x64.Build.0 = Release|x64
		{E6A3915F-4FAD-40F5-9A70-BB12BEB42BC3}.Release|x86.ActiveCfg = Release|Win32
		{E6A3915F-4FAD-40F5-9A70-BB12BEB42BC3}.Release|x86.Build.0 = Release|Win32
		{6FFA7641-512E-4837-B548-71BFAAD40B9D}.Debug|x64.ActiveCfg = Debug|x64
		{6FFA7641-512E-4837-B548-71BFAAD40B9D}.Debug|x64.Build.0 = Debug|x64
		{6FFA7641-512E-4837-B548-71BFAAD40B9D}.Debug|x86.ActiveCfg = Debug|Win32
		{6FFA7641-512E-4837-B548-71BFAAD40B9D}.Debug|x86.Build.0 = Debug|Win32
		{6FFA7641-512E-4837-B548-71BFAAD40B9D}.Release|x64.ActiveCfg = Release|x64
		{6FFA7641-512E-4837-B548-71BFAAD40B9D}.Release|x64.Build.0 = Release|x64
		{6FFA7641-512E-4837-B548-71BFAAD40B9D}.Release|x86.ActiveCfg = Release|Win32
		{6FFA7641-512E-4837-B548-71BFAAD40B9D}.Release|x86.Build.0 = Release|Win32
		{BFE11A64-1592-4630-BA28-23A3B7642E07}.Debug|x64.ActiveCfg = Debug|x64
		{BFE11A64-1592-4630-BA28-23A3B7642E07}.Debug|x64.Build.0 = Debug|x64
		{BFE11A64-1592-4630-BA28-23A3B7642E07}.Debug|x86.ActiveCfg = Debug|Win32
		{BFE11A64-1592-4630-BA28-23A3B7642E07}.Debug|x86.Build.0 = Debug|Win32
		{BFE11A64-1592-4630-BA28-23A3B7642E07}.Release|x64.ActiveCfg = Release|x64
		{BFE11A64-1592-4630-BA28-23A3B7642E07}.Release|x64.Build.0 = Release|x64
		{BFE11A64-1592-4630-BA28-23A3B7642E07}.Release|x86.ActiveCfg = Release|Win32
		{BFE11A64-1592-4630-BA28-23A3B7642E07}.Release|x86.Build.0 = Release|Win32
		{288EB6A2-D0D9-4CEC-A715-66A07B627550}.Debug|x64.ActiveCfg = Debug|x64
		{288EB6A2-D0D9-4CEC-A715-66A07B627550}.Debug|x64.Build.0 = Debug|x64
		{288EB6A2-D0D9-4CEC-A715-66A07B627550}.Debug|x86.ActiveCfg = Debug|Win32
		{288EB6A2-D0D9-4CEC-A715-66A07B627550}.Debug|x86.Build.0 = Debug|Win32
		{288EB6A2-D0D9-4CEC-A715-66A07B627550}.Release|x64.ActiveCfg = Release|x64
		{288EB6A2-D0D9-4CEC-A715-66A07B627550}.Release|x64.Build.0 = Release|x64
		{288EB6A2-D0D9-4CEC-A715-66A07B627550}.Release|x86.ActiveCfg = Release|Win32
		{288EB6A2-D0D9-4CEC-A715-66A07B627550}.Release|x86.Build.0 = Release|Win32
		{3C6F6004-84BA-4BFA-AF35-DB8A6B85B64D}.Debug|x64.ActiveCfg = Debug|x64
		{3C6F6004-84BA-4BFA-AF35-DB8A6B85B64D}.Debug|x64.Build.0 = Debug|x64
		{3C6F6004-84BA-4BFA-AF35-DB8A6B85B64D}.Debug|x86.ActiveCfg = Debug|Win32
		{3C6F6004-84BA-4BFA-AF35-DB8A6B85B64D}.Debug|x86.Build.0 = Debug|Win32
		{3C6F6004-84BA-4BFA-AF35-DB8A6B85B64D}.Release|x64.ActiveCfg = Release|x64
		{3C6F6004-84BA-4BFA-AF35-DB8A6B85B64D}.Release|x64.Build.0 = Release|x64
		{3C6F6004-84BA-4BFA-AF35-DB8A6B85B64D}.Release|x86.ActiveCfg = Release|Win32
		{3C6F6004-84BA-4BFA-AF35-DB8A6B85B64D}.Release|x86.Build.0 = Release|Win32
		{8DA93022-FAFD-4C80-A506-5AC1B10D5B55}.Debug|x64.ActiveCfg = Debug|x64
		{8DA93022-FAFD-4C80-A506-5AC1B10D5B55}.Debug|x64.Build.0 = Debug|x64
		{8DA93022-FAFD-4C80-A506-5AC1B10D5B55}.Debug|x86.ActiveCfg = Debug|Win32
		{8DA93022-FAFD-4C80-A506-5AC1B10D5B55}.Debug|x86.Build.0 = Debug|Win32
		{8DA93022-FAFD-4C80-A506-5AC1B10D5B55}.Release|x64.ActiveCfg = Release|x64
		{8DA93022-FAFD-4C80-A506-5AC1B10D5B55}.Release|x64.Build.0 = Release|x64
		{8DA93022-FAFD-4C80-A506-5AC1B10D5B55}.Release|x86.ActiveCfg = Release|Win32
		{8DA93022-FAFD-4C80-A506-5AC1B10D5B55}.Release|x86.Build.0 = Release|Win32
		{C95272ED-4D92-457A-B718-CF4C70CC8821}.Debug|x64.ActiveCfg = Debug|x64
		{C95272ED-4D92-457A-B718-CF4C70CC8821}.Debug|x64.Build.0 = Debug|x64
		{C95272ED-4D92-457A-B718-CF4C70CC8821}.Debug|x86.ActiveCfg = Debug|Win32
		{C95272ED-4D92-457A-B718-CF4C70CC8821}.Debug|x86.Build.0 = Debug|Win32
		{C95272ED-4D92-457A-B718-CF4C70CC8821}.Release|x64.ActiveCfg = Release|x64
		{C95272ED-4D92-457A-B718-CF4C70CC8821}.Release|x64.Build.0 = Release|x64
		{C95272ED-4D92-457A-B718-CF4C70CC8821}.Release|x86.ActiveCfg = Release|Win32
		{C95272ED-4D92-457A-B718-CF4C70CC8821}.Release|x86.Build.0 = Release|Win32
		{E19E9CAF-D263-46C9-83FB-7D07EBA1EE5B}.Debug|x64.ActiveCfg = Debug|x64
		{E19E9CAF-D263-46C9-83FB-7D07EBA1EE5B}.Debug|x64.Build.0 = Debug|x64
		{E19E9CAF-D263-46C9-83FB-7D07EBA1EE5B}.Debug|x86.ActiveCfg = Debug|Win32
		{E19E9CAF-D263-46C9-83FB-7D07EBA1EE5B}.Debug|x86.Build.0 = Debug|Win32
		{E19E9CAF-D263-46C9-83FB-7D07EBA1EE5B}.Release|x64.ActiveCfg = Release|x64
		{E19E9CAF-D263-46C9-83FB-7D07EBA1EE5B}.Release|x64.Build.0 = Release|x64
		{E19E9CAF-D263-46C9-83FB-7D07EBA1EE5B}.Release|x86.ActiveCfg = Release|Win32
		{E19E9CAF-D263-46C9-83FB-7D07EBA1EE5B}.Release|x86.Build.0 = Release|Win32
		{AC6AAFE3-69EE-485D-9AF9-1840A3F39E1E}.Debug|x64.ActiveCfg = Debug|x64
		{AC6AAFE3-69EE-485D-9AF9-1840A3F39E1E}.Debug|x64.Build.0 = Debug|x64
		{AC6AAFE3-69EE-485D-9AF9-1840A3F39E1E}.Debug|x86.ActiveCfg = Debug|Win32
		{AC6AAFE3-69EE-485D-9AF9-1840A3F39E1E}.Debug|x86.Build.0 = Debug|Win32
		{AC6AAFE3-69EE-485D-9AF9-1840A3F39E1E}.Release|x64.ActiveCfg = Release|x64
		{AC6AAFE3-69EE-485D-9AF9-1840A3F39E1E}.Release|x64.Build.0 = Release|x64
		{AC6AAFE3-69EE-485D-9AF9-1840A3F39E1E}.Release|x86.ActiveCfg = Release|Win32
		{AC6AAFE3-69EE-485D-9AF9-1840A3F39E1E}.Release|x86.Build.0 = Release|Win32
		{EFCC8013-7CAE-48FE-BD70-5F63C7F7EFE8}.Debug|x64.ActiveCfg = Debug|x64
		{EFCC8013-7CAE-48FE-BD70-5F63C7F7EFE8}.Debug|x64.Build.0 = Debug|x64
		{EFCC8013-7CAE-48FE-BD70-5F63C7F7EFE8}.Debug|x86.ActiveCfg = Debug|Win32
		{EFCC8013-7CAE-48FE-BD70-5F63C7F7EFE8}.Debug|x86.Build.0 = Debug|Win32
		{EFCC8013-7CAE-48FE-BD70-5F63C7F7EFE8}.Release|x64.ActiveCfg = Release|x64
		{EFCC8013-7CAE-48FE-BD70-5F63C7F7EFE8}.Release|x64.Build.0 = Release|x64
		{EFCC8013-7CAE-48FE-BD70-5F63C7F7EFE8}.Release|x86.ActiveCfg = Release|Win32
		{EFCC8013-7CAE-48FE-BD70-5F63C7F7EFE8}.Release|x86.Build.0 = Release|Win32
		{68085B15-E8B1-4958-8A24-602F6D51C42B}.Debug|x64.ActiveCfg = Debug|x64
		{68085B15-E8B1-4958-8A24-602F6D51C42B}.Debug|x64.Build.0 = Debug|x64
		{68085B15-E8B1-4958-8A24-602F6D51C42B}.Debug|x86.ActiveCfg = Debug|Win32
		{68085B15-E8B1-4958-8A24-602F6D51C42B}.Debug|x86.Build.0 = Debug|Win32
		{68085B15-E8B1-4958-8A24-602F6D51C42B}.Release|x64.ActiveCfg = Release|x64
		{68085B15-E8B1-4958-8A24-602F6D51C42B}.Release|x64.Build.0 = Release|x64
		{68085B15-E8B1-4958-8A24-602F6D51C42B}.Release|x86.ActiveCfg = Release|Win32
		{68085B15-E8B1-4958-8A24-602F6D51C42B}.Release|x86.Build.0 = Release|Win32
		{E5A9C8ED-1061-4768-9835-CFF3F513EE25}.Debug|x64.ActiveCfg = Debug|x64
		{E5A9C8ED-1061-4768-9835-CFF3F513EE25}.Debug|x64.Build.0 = Debug|x64
		{E5A9C8ED-1061-4768-9835-CFF3F513EE25}.Debug|x86.ActiveCfg = Debug|Win32
		{E5A9C8ED-1061-4768-9835-CFF3F513EE25}.Debug|x86.Build.0 = Debug|Win32
		{E5A9C8ED-1061-4768-9835-CFF3F513EE25}.Release|x64.ActiveCfg = Release|x64
		{E5A9C8ED-1061-4768-9835-CFF3F513EE25}.Release|x64.Build.0 = Release|x64
		{E5A9C8ED-1061-4768-9835-CFF3F513EE25}.Release|x86.ActiveCfg = Release|Win32
		{E5A9C8ED-1061-4768-9835-CFF3F513EE25}.Release|x86.Build.0 = Release|Win32
		{0A53ED2C-11F8-42B7-A413-F10AA52FCA3D}.Debug|x64.ActiveCfg = Debug|x64
		{0A53ED2C-11F8-42B7-A413-F10AA52FCA3D}.Debug|x64.Build.0 = Debug|x64
		{0A53ED2C-11F8-42B7-A413-F10AA52FCA3D}.Debug|x86.ActiveCfg = Debug|Win32
		{0A53ED2C-11F8-42B7-A413-F10AA52FCA3D}.Debug|x86.Build.0 = Debug|Win32
		{0A53ED2C-11F8-42B7-A413-F10AA52FCA3D}.Release|x64.ActiveCfg = Release|x64
		{0A53ED2C-11F8-42B7-A413-F10AA52FCA3D}.Release|x64.Build.0 = Release|x64
		{0A53ED2C-11F8-42B7-A413-F10AA52FCA3D}.Release|x86.ActiveCfg = Release|Win32
		{0A53ED2C-11F8-42B7-A413-F10AA52FCA3D}.Release|x86.Build.0 = Release|Win32
		{1DCEC774-53C3-4679-8CD6-E8127A4F4660}.Debug|x64.ActiveCfg = Debug|x64
		{1DCEC774-53C3-4679-8CD6-E8127A4F4660}.Debug|x64.Build.0 = Debug|x64
		{1DCEC774-53C3-4679-8CD6-E8127A4F4660}.Debug|x86.ActiveCfg = Debug|Win32
		{1DCEC774-53C3-4679-8CD6-E8127A4F4660}.Debug|x86.Build.0 = Debug|Win32
		{1DCEC774-53C3-4679-8CD6-E8127A4F4660}.Release|x64.ActiveCfg = Release|x64
		{1DCEC774-53C3-4679-8CD6-E8127A4F4660}.Release|x64.Build.0 = Release|x64
		{1DCEC774-53C3-4679-8CD6-E8127A4F4660}.Release|x86.ActiveCfg = Release|Win32
		{1DCEC774-53C3-4679-8CD6-E8127A4F4660}.Release|x86.Build.0 = Release|Win32
		{6553AA75-BCCC-4E3A-9A05-D04B873E4455}.Debug|x64.ActiveCfg = Debug|x64
		{6553AA75-BCCC-4E3A-9A05-D04B873E4455}.Debug|x64.Build.0 = Debug|x64
		{6553AA75-BCCC-4E3A-9A05-D04B873E4455}.Debug|x86.ActiveCfg = Debug|Win32
		{6553AA75-BCCC-4E3A-9A05-D04B873E4455}.Debug|x86.Build.0 = Debug|Win32
		{6553AA75-BCCC-4E3A-9A05-D04B873E4455}.Release|x64.ActiveCfg = Release|x64
		{6553AA75-BCCC-4E3A-9A05-D04B873E4455}.Release|x64.Build.0 = Release|x64
		{6553AA75-BCCC-4E3A-9A05-D04B873E4455}.Release|x86.ActiveCfg = Release|Win32
		{6553AA75-BCCC-4E3A-9A05-D04B873E4455}.Release|x86.Build.0 = Release|Win32
		{27651491-171B-4D50-915F-7F0D657ACAAE}.Debug|x64.ActiveCfg = Debug|x64
		{27651491-171B-4D50-915F-7F0D657ACAAE}.Debug|x64.Build.0 = Debug|x64
		{27651491-171B-4D50-915F-7F0D657ACAAE}.Debug|x86.ActiveCfg = Debug|Win32
		{27651491-171B-4D50-915F-7F0D657ACAAE}.Debug|x86.Build.0 = Debug|Win32
		{27651491-171B-4D50-915F-7F0D657ACAAE}.Release|x64.ActiveCfg = Release|x64
		{27651491-171B-4D50-915F-7F0D657ACAAE}.Release|x64.Build.0 = Release|x64
		{27651491-171B-4D50-915F-7F0D657ACAAE}.Release|x86.ActiveCfg = Release|Win32
		{27651491-171B-4D50-915F-7F0D657ACAAE}.Release|x86.Build.0 = Release|Win32
		{C9EA8B99-AC8A-41EF-95AF-5B1BFE764DC9}.Debug|x64.ActiveCfg = Debug|x64
		{C9EA8B99-AC8A-41EF-95AF-5B1BFE764DC9}.Debug|x64.Build.0 = Debug|x64
		{C9EA8B99-AC8A-41EF-95AF-5B1BFE764DC9}.Debug|x86.ActiveCfg = Debug|Win32
		{C9EA8B99-AC8A-41EF-95AF-5B1BFE764DC9}.Debug|x86.Build.0 = Debug|Win32
		{C9EA8B99-AC8A-41EF-95AF-5B1BFE764DC9}.Release|x64.ActiveCfg = Release|x64
		{C9EA8B99-AC8A-41EF-95AF-5B1BFE764DC9}.Release|x64.Build.0 = Release|x64
		{C9EA8B99-AC8A-41EF-95AF-5B1BFE764DC9}.Release|x86.ActiveCfg = Release|Win32
		{C9EA8B99-AC8A-41EF-95AF-5B1BFE764DC9}.Release|x86.Build.0 = Release|Win32
		{12250E85-4DF3-4006-99AE-0092AFDB56EC}.Debug|x64.ActiveCfg = Debug|x64
		{12250E85-4DF3-4006-99AE-0092AFDB56EC}.Debug|x64.Build.0 = Debug|x64
		{12250E85-4DF3-4006-99AE-0092AFDB56EC}.Debug|x86.ActiveCfg = Debug|Win32
		{12250E85-4DF3-4006-99AE-0092AFDB56EC}.Debug|x86.Build.0 = Debug|Win32
		{12250E85-4DF3-4006-99AE-0092AFDB56EC}.Release|x64.ActiveCfg = Release|x64
		{12250E85-4DF3-4006-99AE-0092AFDB56EC}.Release|x64.Build.0 = Release|x64
		{12250E85-4DF3-4006-99AE-0092AFDB56EC}.Release|x86.ActiveCfg = Release|Win32
		{12250E85-4DF3-4006-99AE-0092AFDB56EC}.Release|x86.Build.0 = Release|Win32
		{1DACFC38-8E74-4A09-B32E-59157FD93A72}.Debug|x64.ActiveCfg = Debug|x64
		{1DACFC38-8E74-4A09-B32E-59157FD93A72}.Debug|x64.Build.0 = Debug|x64
		{1DACFC38-8E74-4A09-B32E-59157FD93A72}.Debug|x86.ActiveCfg = Debug|Win32
		{1DACFC38-8E74-4A09-B32E-59157FD93A72}.Debug|x86.Build.0 = Debug|Win32
		{1DACFC38-8E74-4A09-B32E-59157FD93A72}.Release|x64.ActiveCfg = Release|x64
		{1DACFC38-8E74-4A09-B32E-59157FD93A72}.Release|x64.Build.0 = Release|x64
		{1DACFC38-8E74-4A09-B32E-59157FD93A72}.Release|x86.ActiveCfg = Release|Win32
		{1DACFC38-8E74-4A09-B32E-59157FD93A72}.Release|x86.Build.0 = Release|Win32
		{13949E49-0AFE-4691-9B47-FD1F64BD0B4C}.Debug|x64.ActiveCfg = Debug|x64
		{13949E49-0AFE-4691-9B47-FD1F64BD0B4C}.Debug|x64.Build.0 = Debug|x64
		{13949E49-0AFE-4691-9B47-FD1F64BD0B4C}.Debug|x86.ActiveCfg = Debug|Win32
		{13949E49-0AFE-4691-9B47-FD1F64BD0B4C}.Debug|x86.Build.0 = Debug|Win32
		{13949E49-0AFE-4691-9B47-FD1F64BD0B4C}.Release|x64.ActiveCfg = Release|x64
		{13949E49-0AFE-4691-9B47-FD1F64BD0B4C}.Release|x64.Build.0 = Release|x64
		{13949E49-0AFE-4691-9B47-FD1F64BD0B4C}.Release|x86.ActiveCfg = Release|Win32
		{13949E49-0AFE-4691-9B47-FD1F64BD0B4C}.Release|x86.Build.0 = Release|Win32
	EndGlobalSection
	GlobalSection(SolutionProperties) = preSolution
		HideSolutionNode = FALSE
	EndGlobalSection
	GlobalSection(ExtensibilityGlobals) = postSolution
		SolutionGuid = {5389C88F-796C-4090-9170-F1BE618560BC}
	EndGlobalSection
EndGlobal
