
Microsoft Visual Studio Solution File, Format Version 12.00
# Visual Studio 15
VisualStudioVersion = 15.0.28306.52
MinimumVisualStudioVersion = 10.0.40219.1
Project("{8BC9CEB8-8B4A-11D0-8D11-00A0C91BC942}") = "5088.missing-number-in-arithmetic-progression", "5088.missing-number-in-arithmetic-progression\5088.missing-number-in-arithmetic-progression.vcxproj", "{8E024415-0A9A-412A-85C5-C0FB85E6E4EF}"
EndProject
Project("{8BC9CEB8-8B4A-11D0-8D11-00A0C91BC942}") = "5089.meeting-scheduler", "5089.meeting-scheduler\5089.meeting-scheduler.vcxproj", "{B234D4CA-773A-4B1C-8F52-30DFE60BD935}"
EndProject
Project("{8BC9CEB8-8B4A-11D0-8D11-00A0C91BC942}") = "5090.toss-strange-coins", "5090.toss-strange-coins\5090.toss-strange-coins.vcxproj", "{65858188-8CA9-4BEA-A1AB-FB726712D6A3}"
EndProject
Project("{8BC9CEB8-8B4A-11D0-8D11-00A0C91BC942}") = "5111.divide-chocolate", "5111.divide-chocolate\5111.divide-chocolate.vcxproj", "{AD074B8A-77E2-4527-A8B2-C0C3F0BCFF0A}"
EndProject
Global
	GlobalSection(SolutionConfigurationPlatforms) = preSolution
		Debug|x64 = Debug|x64
		Debug|x86 = Debug|x86
		Release|x64 = Release|x64
		Release|x86 = Release|x86
	EndGlobalSection
	GlobalSection(ProjectConfigurationPlatforms) = postSolution
		{8E024415-0A9A-412A-85C5-C0FB85E6E4EF}.Debug|x64.ActiveCfg = Debug|x64
		{8E024415-0A9A-412A-85C5-C0FB85E6E4EF}.Debug|x64.Build.0 = Debug|x64
		{8E024415-0A9A-412A-85C5-C0FB85E6E4EF}.Debug|x86.ActiveCfg = Debug|Win32
		{8E024415-0A9A-412A-85C5-C0FB85E6E4EF}.Debug|x86.Build.0 = Debug|Win32
		{8E024415-0A9A-412A-85C5-C0FB85E6E4EF}.Release|x64.ActiveCfg = Release|x64
		{8E024415-0A9A-412A-85C5-C0FB85E6E4EF}.Release|x64.Build.0 = Release|x64
		{8E024415-0A9A-412A-85C5-C0FB85E6E4EF}.Release|x86.ActiveCfg = Release|Win32
		{8E024415-0A9A-412A-85C5-C0FB85E6E4EF}.Release|x86.Build.0 = Release|Win32
		{B234D4CA-773A-4B1C-8F52-30DFE60BD935}.Debug|x64.ActiveCfg = Debug|x64
		{B234D4CA-773A-4B1C-8F52-30DFE60BD935}.Debug|x64.Build.0 = Debug|x64
		{B234D4CA-773A-4B1C-8F52-30DFE60BD935}.Debug|x86.ActiveCfg = Debug|Win32
		{B234D4CA-773A-4B1C-8F52-30DFE60BD935}.Debug|x86.Build.0 = Debug|Win32
		{B234D4CA-773A-4B1C-8F52-30DFE60BD935}.Release|x64.ActiveCfg = Release|x64
		{B234D4CA-773A-4B1C-8F52-30DFE60BD935}.Release|x64.Build.0 = Release|x64
		{B234D4CA-773A-4B1C-8F52-30DFE60BD935}.Release|x86.ActiveCfg = Release|Win32
		{B234D4CA-773A-4B1C-8F52-30DFE60BD935}.Release|x86.Build.0 = Release|Win32
		{65858188-8CA9-4BEA-A1AB-FB726712D6A3}.Debug|x64.ActiveCfg = Debug|x64
		{65858188-8CA9-4BEA-A1AB-FB726712D6A3}.Debug|x64.Build.0 = Debug|x64
		{65858188-8CA9-4BEA-A1AB-FB726712D6A3}.Debug|x86.ActiveCfg = Debug|Win32
		{65858188-8CA9-4BEA-A1AB-FB726712D6A3}.Debug|x86.Build.0 = Debug|Win32
		{65858188-8CA9-4BEA-A1AB-FB726712D6A3}.Release|x64.ActiveCfg = Release|x64
		{65858188-8CA9-4BEA-A1AB-FB726712D6A3}.Release|x64.Build.0 = Release|x64
		{65858188-8CA9-4BEA-A1AB-FB726712D6A3}.Release|x86.ActiveCfg = Release|Win32
		{65858188-8CA9-4BEA-A1AB-FB726712D6A3}.Release|x86.Build.0 = Release|Win32
		{AD074B8A-77E2-4527-A8B2-C0C3F0BCFF0A}.Debug|x64.ActiveCfg = Debug|x64
		{AD074B8A-77E2-4527-A8B2-C0C3F0BCFF0A}.Debug|x64.Build.0 = Debug|x64
		{AD074B8A-77E2-4527-A8B2-C0C3F0BCFF0A}.Debug|x86.ActiveCfg = Debug|Win32
		{AD074B8A-77E2-4527-A8B2-C0C3F0BCFF0A}.Debug|x86.Build.0 = Debug|Win32
		{AD074B8A-77E2-4527-A8B2-C0C3F0BCFF0A}.Release|x64.ActiveCfg = Release|x64
		{AD074B8A-77E2-4527-A8B2-C0C3F0BCFF0A}.Release|x64.Build.0 = Release|x64
		{AD074B8A-77E2-4527-A8B2-C0C3F0BCFF0A}.Release|x86.ActiveCfg = Release|Win32
		{AD074B8A-77E2-4527-A8B2-C0C3F0BCFF0A}.Release|x86.Build.0 = Release|Win32
	EndGlobalSection
	GlobalSection(SolutionProperties) = preSolution
		HideSolutionNode = FALSE
	EndGlobalSection
	GlobalSection(ExtensibilityGlobals) = postSolution
		SolutionGuid = {86276913-9E0D-46CB-B521-E2E9623A946D}
	EndGlobalSection
EndGlobal
